// !$*UTF8*$!
{
	archiveVersion = 1;
	classes = {
	};
	objectVersion = 77;
	objects = {

/* Begin PBXBuildFile section */
		F52A577C2DA8E2A700D7C691 /* GoogleService-Info.plist in Resources */ = {isa = PBXBuildFile; fileRef = F52A577B2DA8E2A700D7C691 /* GoogleService-Info.plist */; };
		F52A577E2DA8F29B00D7C691 /* FirebaseFirestore in Frameworks */ = {isa = PBXBuildFile; productRef = F52A577D2DA8F29B00D7C691 /* FirebaseFirestore */; };
		F52A57C92DB0ED4D00D7C691 /* Data.xcdatamodeld in Sources */ = {isa = PBXBuildFile; fileRef = F52A57C72DB0ED4D00D7C691 /* Data.xcdatamodeld */; };
		F59507612DA7C7B3001A5CB1 /* FirebaseAnalytics in Frameworks */ = {isa = PBXBuildFile; productRef = F59507602DA7C7B3001A5CB1 /* FirebaseAnalytics */; };
		F59507632DA7C7B3001A5CB1 /* FirebaseAuth in Frameworks */ = {isa = PBXBuildFile; productRef = F59507622DA7C7B3001A5CB1 /* FirebaseAuth */; };
		F59873712DB8BA4C00B1BEEE /* WidgetKit.framework in Frameworks */ = {isa = PBXBuildFile; fileRef = F5643C442DB7DC3F003D06E1 /* WidgetKit.framework */; };
		F59873722DB8BA4C00B1BEEE /* SwiftUI.framework in Frameworks */ = {isa = PBXBuildFile; fileRef = F5643C462DB7DC3F003D06E1 /* SwiftUI.framework */; };
		F59873832DB8BA4D00B1BEEE /* FocusTimerExtension.appex in Embed Foundation Extensions */ = {isa = PBXBuildFile; fileRef = F59873702DB8BA4C00B1BEEE /* FocusTimerExtension.appex */; settings = {ATTRIBUTES = (RemoveHeadersOnCopy, ); }; };
		F5ACC3202DB9F4EE00BDDD19 /* lofi.mp3 in Resources */ = {isa = PBXBuildFile; fileRef = F5ACC31F2DB9F4EE00BDDD19 /* lofi.mp3 */; };
		F5ACC3242DBA00FE00BDDD19 /* deepchill.mp3 in Resources */ = {isa = PBXBuildFile; fileRef = F5ACC3232DBA00FE00BDDD19 /* deepchill.mp3 */; };
		F5ACC3262DBA011200BDDD19 /* slowfi.mp3 in Resources */ = {isa = PBXBuildFile; fileRef = F5ACC3252DBA011200BDDD19 /* slowfi.mp3 */; };
/* End PBXBuildFile section */

/* Begin PBXContainerItemProxy section */
		89B6C20E2D928C6200D3A20E /* PBXContainerItemProxy */ = {
			isa = PBXContainerItemProxy;
			containerPortal = 89B6C1F52D928C6200D3A20E /* Project object */;
			proxyType = 1;
			remoteGlobalIDString = 89B6C1FC2D928C6200D3A20E;
			remoteInfo = Focaii;
		};
		89B6C2182D928C6200D3A20E /* PBXContainerItemProxy */ = {
			isa = PBXContainerItemProxy;
			containerPortal = 89B6C1F52D928C6200D3A20E /* Project object */;
			proxyType = 1;
			remoteGlobalIDString = 89B6C1FC2D928C6200D3A20E;
			remoteInfo = Focaii;
		};
		F59873812DB8BA4D00B1BEEE /* PBXContainerItemProxy */ = {
			isa = PBXContainerItemProxy;
			containerPortal = 89B6C1F52D928C6200D3A20E /* Project object */;
			proxyType = 1;
			remoteGlobalIDString = F598736F2DB8BA4C00B1BEEE;
			remoteInfo = FocusTimerExtension;
		};
/* End PBXContainerItemProxy section */

/* Begin PBXCopyFilesBuildPhase section */
		F5643C592DB7DC40003D06E1 /* Embed Foundation Extensions */ = {
			isa = PBXCopyFilesBuildPhase;
			buildActionMask = 2147483647;
			dstPath = "";
			dstSubfolderSpec = 13;
			files = (
				F59873832DB8BA4D00B1BEEE /* FocusTimerExtension.appex in Embed Foundation Extensions */,
			);
			name = "Embed Foundation Extensions";
			runOnlyForDeploymentPostprocessing = 0;
		};
/* End PBXCopyFilesBuildPhase section */

/* Begin PBXFileReference section */
		89B6C1FD2D928C6200D3A20E /* Focaii.app */ = {isa = PBXFileReference; explicitFileType = wrapper.application; includeInIndex = 0; path = Focaii.app; sourceTree = BUILT_PRODUCTS_DIR; };
		89B6C20D2D928C6200D3A20E /* FocaiiTests.xctest */ = {isa = PBXFileReference; explicitFileType = wrapper.cfbundle; includeInIndex = 0; path = FocaiiTests.xctest; sourceTree = BUILT_PRODUCTS_DIR; };
		89B6C2172D928C6200D3A20E /* FocaiiUITests.xctest */ = {isa = PBXFileReference; explicitFileType = wrapper.cfbundle; includeInIndex = 0; path = FocaiiUITests.xctest; sourceTree = BUILT_PRODUCTS_DIR; };
		F52A577B2DA8E2A700D7C691 /* GoogleService-Info.plist */ = {isa = PBXFileReference; lastKnownFileType = text.plist.xml; path = "GoogleService-Info.plist"; sourceTree = "<group>"; };
		F52A57C82DB0ED4D00D7C691 /* Data.xcdatamodel */ = {isa = PBXFileReference; lastKnownFileType = wrapper.xcdatamodel; path = Data.xcdatamodel; sourceTree = "<group>"; };
		F5643C442DB7DC3F003D06E1 /* WidgetKit.framework */ = {isa = PBXFileReference; lastKnownFileType = wrapper.framework; name = WidgetKit.framework; path = System/Library/Frameworks/WidgetKit.framework; sourceTree = SDKROOT; };
		F5643C462DB7DC3F003D06E1 /* SwiftUI.framework */ = {isa = PBXFileReference; lastKnownFileType = wrapper.framework; name = SwiftUI.framework; path = System/Library/Frameworks/SwiftUI.framework; sourceTree = SDKROOT; };
		F59873702DB8BA4C00B1BEEE /* FocusTimerExtension.appex */ = {isa = PBXFileReference; explicitFileType = "wrapper.app-extension"; includeInIndex = 0; path = FocusTimerExtension.appex; sourceTree = BUILT_PRODUCTS_DIR; };
		F5ACC31F2DB9F4EE00BDDD19 /* lofi.mp3 */ = {isa = PBXFileReference; lastKnownFileType = audio.mp3; path = lofi.mp3; sourceTree = "<group>"; };
		F5ACC3232DBA00FE00BDDD19 /* deepchill.mp3 */ = {isa = PBXFileReference; lastKnownFileType = audio.mp3; path = deepchill.mp3; sourceTree = "<group>"; };
		F5ACC3252DBA011200BDDD19 /* slowfi.mp3 */ = {isa = PBXFileReference; lastKnownFileType = audio.mp3; path = slowfi.mp3; sourceTree = "<group>"; };
		F5ACC38B2DBA434200BDDD19 /* Focaii.entitlements */ = {isa = PBXFileReference; lastKnownFileType = text.plist.entitlements; name = Focaii.entitlements; path = Focaii/Views/DeepFocus/Focaii.entitlements; sourceTree = "<group>"; };
/* End PBXFileReference section */

/* Begin PBXFileSystemSynchronizedBuildFileExceptionSet section */
		F5643C002DB7D916003D06E1 /* Exceptions for "Focaii" folder in "Focaii" target */ = {
			isa = PBXFileSystemSynchronizedBuildFileExceptionSet;
			membershipExceptions = (
				Info.plist,
			);
			target = 89B6C1FC2D928C6200D3A20E /* Focaii */;
		};
		F59873872DB8BA4D00B1BEEE /* Exceptions for "FocusTimer" folder in "FocusTimerExtension" target */ = {
			isa = PBXFileSystemSynchronizedBuildFileExceptionSet;
			membershipExceptions = (
				Info.plist,
			);
			target = F598736F2DB8BA4C00B1BEEE /* FocusTimerExtension */;
		};
		F598738D2DB8BFF500B1BEEE /* Exceptions for "FocusTimer" folder in "Focaii" target */ = {
			isa = PBXFileSystemSynchronizedBuildFileExceptionSet;
			membershipExceptions = (
				FocusTimerLiveActivity.swift,
			);
			target = 89B6C1FC2D928C6200D3A20E /* Focaii */;
		};
/* End PBXFileSystemSynchronizedBuildFileExceptionSet section */

/* Begin PBXFileSystemSynchronizedRootGroup section */
		89B6C1FF2D928C6200D3A20E /* Focaii */ = {
			isa = PBXFileSystemSynchronizedRootGroup;
			exceptions = (
				F5643C002DB7D916003D06E1 /* Exceptions for "Focaii" folder in "Focaii" target */,
			);
			path = Focaii;
			sourceTree = "<group>";
		};
		89B6C2102D928C6200D3A20E /* FocaiiTests */ = {
			isa = PBXFileSystemSynchronizedRootGroup;
			path = FocaiiTests;
			sourceTree = "<group>";
		};
		89B6C21A2D928C6200D3A20E /* FocaiiUITests */ = {
			isa = PBXFileSystemSynchronizedRootGroup;
			path = FocaiiUITests;
			sourceTree = "<group>";
		};
		F59873732DB8BA4C00B1BEEE /* FocusTimer */ = {
			isa = PBXFileSystemSynchronizedRootGroup;
			exceptions = (
				F598738D2DB8BFF500B1BEEE /* Exceptions for "FocusTimer" folder in "Focaii" target */,
				F59873872DB8BA4D00B1BEEE /* Exceptions for "FocusTimer" folder in "FocusTimerExtension" target */,
			);
			path = FocusTimer;
			sourceTree = "<group>";
		};
/* End PBXFileSystemSynchronizedRootGroup section */

/* Begin PBXFrameworksBuildPhase section */
		89B6C1FA2D928C6200D3A20E /* Frameworks */ = {
			isa = PBXFrameworksBuildPhase;
			buildActionMask = 2147483647;
			files = (
				F59507612DA7C7B3001A5CB1 /* FirebaseAnalytics in Frameworks */,
				F59507632DA7C7B3001A5CB1 /* FirebaseAuth in Frameworks */,
				F52A577E2DA8F29B00D7C691 /* FirebaseFirestore in Frameworks */,
			);
			runOnlyForDeploymentPostprocessing = 0;
		};
		89B6C20A2D928C6200D3A20E /* Frameworks */ = {
			isa = PBXFrameworksBuildPhase;
			buildActionMask = 2147483647;
			files = (
			);
			runOnlyForDeploymentPostprocessing = 0;
		};
		89B6C2142D928C6200D3A20E /* Frameworks */ = {
			isa = PBXFrameworksBuildPhase;
			buildActionMask = 2147483647;
			files = (
			);
			runOnlyForDeploymentPostprocessing = 0;
		};
		F598736D2DB8BA4C00B1BEEE /* Frameworks */ = {
			isa = PBXFrameworksBuildPhase;
			buildActionMask = 2147483647;
			files = (
				F59873722DB8BA4C00B1BEEE /* SwiftUI.framework in Frameworks */,
				F59873712DB8BA4C00B1BEEE /* WidgetKit.framework in Frameworks */,
			);
			runOnlyForDeploymentPostprocessing = 0;
		};
/* End PBXFrameworksBuildPhase section */

/* Begin PBXGroup section */
		89B6C1F42D928C6200D3A20E = {
			isa = PBXGroup;
			children = (
				F5ACC38B2DBA434200BDDD19 /* Focaii.entitlements */,
				F5ACC3232DBA00FE00BDDD19 /* deepchill.mp3 */,
				F5ACC3252DBA011200BDDD19 /* slowfi.mp3 */,
				F5ACC31F2DB9F4EE00BDDD19 /* lofi.mp3 */,
				F52A57C72DB0ED4D00D7C691 /* Data.xcdatamodeld */,
				89B6C1FF2D928C6200D3A20E /* Focaii */,
				89B6C2102D928C6200D3A20E /* FocaiiTests */,
				89B6C21A2D928C6200D3A20E /* FocaiiUITests */,
				F59873732DB8BA4C00B1BEEE /* FocusTimer */,
				F5643C432DB7DC3F003D06E1 /* Frameworks */,
				89B6C1FE2D928C6200D3A20E /* Products */,
				F52A577B2DA8E2A700D7C691 /* GoogleService-Info.plist */,
			);
			sourceTree = "<group>";
		};
		89B6C1FE2D928C6200D3A20E /* Products */ = {
			isa = PBXGroup;
			children = (
				89B6C1FD2D928C6200D3A20E /* Focaii.app */,
				89B6C20D2D928C6200D3A20E /* FocaiiTests.xctest */,
				89B6C2172D928C6200D3A20E /* FocaiiUITests.xctest */,
				F59873702DB8BA4C00B1BEEE /* FocusTimerExtension.appex */,
			);
			name = Products;
			sourceTree = "<group>";
		};
		F5643C432DB7DC3F003D06E1 /* Frameworks */ = {
			isa = PBXGroup;
			children = (
				F5643C442DB7DC3F003D06E1 /* WidgetKit.framework */,
				F5643C462DB7DC3F003D06E1 /* SwiftUI.framework */,
			);
			name = Frameworks;
			sourceTree = "<group>";
		};
/* End PBXGroup section */

/* Begin PBXNativeTarget section */
		89B6C1FC2D928C6200D3A20E /* Focaii */ = {
			isa = PBXNativeTarget;
			buildConfigurationList = 89B6C2212D928C6200D3A20E /* Build configuration list for PBXNativeTarget "Focaii" */;
			buildPhases = (
				89B6C1F92D928C6200D3A20E /* Sources */,
				89B6C1FA2D928C6200D3A20E /* Frameworks */,
				89B6C1FB2D928C6200D3A20E /* Resources */,
				F5643C592DB7DC40003D06E1 /* Embed Foundation Extensions */,
			);
			buildRules = (
			);
			dependencies = (
				F59873822DB8BA4D00B1BEEE /* PBXTargetDependency */,
			);
			fileSystemSynchronizedGroups = (
				89B6C1FF2D928C6200D3A20E /* Focaii */,
			);
			name = Focaii;
			packageProductDependencies = (
				F59507602DA7C7B3001A5CB1 /* FirebaseAnalytics */,
				F59507622DA7C7B3001A5CB1 /* FirebaseAuth */,
				F52A577D2DA8F29B00D7C691 /* FirebaseFirestore */,
			);
			productName = Focaii;
			productReference = 89B6C1FD2D928C6200D3A20E /* Focaii.app */;
			productType = "com.apple.product-type.application";
		};
		89B6C20C2D928C6200D3A20E /* FocaiiTests */ = {
			isa = PBXNativeTarget;
			buildConfigurationList = 89B6C2242D928C6200D3A20E /* Build configuration list for PBXNativeTarget "FocaiiTests" */;
			buildPhases = (
				89B6C2092D928C6200D3A20E /* Sources */,
				89B6C20A2D928C6200D3A20E /* Frameworks */,
				89B6C20B2D928C6200D3A20E /* Resources */,
			);
			buildRules = (
			);
			dependencies = (
				89B6C20F2D928C6200D3A20E /* PBXTargetDependency */,
			);
			fileSystemSynchronizedGroups = (
				89B6C2102D928C6200D3A20E /* FocaiiTests */,
			);
			name = FocaiiTests;
			packageProductDependencies = (
			);
			productName = FocaiiTests;
			productReference = 89B6C20D2D928C6200D3A20E /* FocaiiTests.xctest */;
			productType = "com.apple.product-type.bundle.unit-test";
		};
		89B6C2162D928C6200D3A20E /* FocaiiUITests */ = {
			isa = PBXNativeTarget;
			buildConfigurationList = 89B6C2272D928C6200D3A20E /* Build configuration list for PBXNativeTarget "FocaiiUITests" */;
			buildPhases = (
				89B6C2132D928C6200D3A20E /* Sources */,
				89B6C2142D928C6200D3A20E /* Frameworks */,
				89B6C2152D928C6200D3A20E /* Resources */,
			);
			buildRules = (
			);
			dependencies = (
				89B6C2192D928C6200D3A20E /* PBXTargetDependency */,
			);
			fileSystemSynchronizedGroups = (
				89B6C21A2D928C6200D3A20E /* FocaiiUITests */,
			);
			name = FocaiiUITests;
			packageProductDependencies = (
			);
			productName = FocaiiUITests;
			productReference = 89B6C2172D928C6200D3A20E /* FocaiiUITests.xctest */;
			productType = "com.apple.product-type.bundle.ui-testing";
		};
		F598736F2DB8BA4C00B1BEEE /* FocusTimerExtension */ = {
			isa = PBXNativeTarget;
			buildConfigurationList = F59873842DB8BA4D00B1BEEE /* Build configuration list for PBXNativeTarget "FocusTimerExtension" */;
			buildPhases = (
				F598736C2DB8BA4C00B1BEEE /* Sources */,
				F598736D2DB8BA4C00B1BEEE /* Frameworks */,
				F598736E2DB8BA4C00B1BEEE /* Resources */,
			);
			buildRules = (
			);
			dependencies = (
			);
			fileSystemSynchronizedGroups = (
				F59873732DB8BA4C00B1BEEE /* FocusTimer */,
			);
			name = FocusTimerExtension;
			packageProductDependencies = (
			);
			productName = FocusTimerExtension;
			productReference = F59873702DB8BA4C00B1BEEE /* FocusTimerExtension.appex */;
			productType = "com.apple.product-type.app-extension";
		};
/* End PBXNativeTarget section */

/* Begin PBXProject section */
		89B6C1F52D928C6200D3A20E /* Project object */ = {
			isa = PBXProject;
			attributes = {
				BuildIndependentTargetsInParallel = 1;
				LastSwiftUpdateCheck = 1620;
				LastUpgradeCheck = 1620;
				TargetAttributes = {
					89B6C1FC2D928C6200D3A20E = {
						CreatedOnToolsVersion = 16.2;
					};
					89B6C20C2D928C6200D3A20E = {
						CreatedOnToolsVersion = 16.2;
						TestTargetID = 89B6C1FC2D928C6200D3A20E;
					};
					89B6C2162D928C6200D3A20E = {
						CreatedOnToolsVersion = 16.2;
						TestTargetID = 89B6C1FC2D928C6200D3A20E;
					};
					F598736F2DB8BA4C00B1BEEE = {
						CreatedOnToolsVersion = 16.2;
					};
				};
			};
			buildConfigurationList = 89B6C1F82D928C6200D3A20E /* Build configuration list for PBXProject "Focaii" */;
			developmentRegion = en;
			hasScannedForEncodings = 0;
			knownRegions = (
				en,
				Base,
			);
			mainGroup = 89B6C1F42D928C6200D3A20E;
			minimizedProjectReferenceProxies = 1;
			packageReferences = (
				F595075F2DA7C7B3001A5CB1 /* XCRemoteSwiftPackageReference "firebase-ios-sdk" */,
			);
			preferredProjectObjectVersion = 77;
			productRefGroup = 89B6C1FE2D928C6200D3A20E /* Products */;
			projectDirPath = "";
			projectRoot = "";
			targets = (
				89B6C1FC2D928C6200D3A20E /* Focaii */,
				89B6C20C2D928C6200D3A20E /* FocaiiTests */,
				89B6C2162D928C6200D3A20E /* FocaiiUITests */,
				F598736F2DB8BA4C00B1BEEE /* FocusTimerExtension */,
			);
		};
/* End PBXProject section */

/* Begin PBXResourcesBuildPhase section */
		89B6C1FB2D928C6200D3A20E /* Resources */ = {
			isa = PBXResourcesBuildPhase;
			buildActionMask = 2147483647;
			files = (
				F5ACC3202DB9F4EE00BDDD19 /* lofi.mp3 in Resources */,
				F5ACC3242DBA00FE00BDDD19 /* deepchill.mp3 in Resources */,
				F5ACC3262DBA011200BDDD19 /* slowfi.mp3 in Resources */,
				F52A577C2DA8E2A700D7C691 /* GoogleService-Info.plist in Resources */,
			);
			runOnlyForDeploymentPostprocessing = 0;
		};
		89B6C20B2D928C6200D3A20E /* Resources */ = {
			isa = PBXResourcesBuildPhase;
			buildActionMask = 2147483647;
			files = (
			);
			runOnlyForDeploymentPostprocessing = 0;
		};
		89B6C2152D928C6200D3A20E /* Resources */ = {
			isa = PBXResourcesBuildPhase;
			buildActionMask = 2147483647;
			files = (
			);
			runOnlyForDeploymentPostprocessing = 0;
		};
		F598736E2DB8BA4C00B1BEEE /* Resources */ = {
			isa = PBXResourcesBuildPhase;
			buildActionMask = 2147483647;
			files = (
			);
			runOnlyForDeploymentPostprocessing = 0;
		};
/* End PBXResourcesBuildPhase section */

/* Begin PBXSourcesBuildPhase section */
		89B6C1F92D928C6200D3A20E /* Sources */ = {
			isa = PBXSourcesBuildPhase;
			buildActionMask = 2147483647;
			files = (
				F52A57C92DB0ED4D00D7C691 /* Data.xcdatamodeld in Sources */,
			);
			runOnlyForDeploymentPostprocessing = 0;
		};
		89B6C2092D928C6200D3A20E /* Sources */ = {
			isa = PBXSourcesBuildPhase;
			buildActionMask = 2147483647;
			files = (
			);
			runOnlyForDeploymentPostprocessing = 0;
		};
		89B6C2132D928C6200D3A20E /* Sources */ = {
			isa = PBXSourcesBuildPhase;
			buildActionMask = 2147483647;
			files = (
			);
			runOnlyForDeploymentPostprocessing = 0;
		};
		F598736C2DB8BA4C00B1BEEE /* Sources */ = {
			isa = PBXSourcesBuildPhase;
			buildActionMask = 2147483647;
			files = (
			);
			runOnlyForDeploymentPostprocessing = 0;
		};
/* End PBXSourcesBuildPhase section */

/* Begin PBXTargetDependency section */
		89B6C20F2D928C6200D3A20E /* PBXTargetDependency */ = {
			isa = PBXTargetDependency;
			target = 89B6C1FC2D928C6200D3A20E /* Focaii */;
			targetProxy = 89B6C20E2D928C6200D3A20E /* PBXContainerItemProxy */;
		};
		89B6C2192D928C6200D3A20E /* PBXTargetDependency */ = {
			isa = PBXTargetDependency;
			target = 89B6C1FC2D928C6200D3A20E /* Focaii */;
			targetProxy = 89B6C2182D928C6200D3A20E /* PBXContainerItemProxy */;
		};
		F59873822DB8BA4D00B1BEEE /* PBXTargetDependency */ = {
			isa = PBXTargetDependency;
			target = F598736F2DB8BA4C00B1BEEE /* FocusTimerExtension */;
			targetProxy = F59873812DB8BA4D00B1BEEE /* PBXContainerItemProxy */;
		};
/* End PBXTargetDependency section */

/* Begin XCBuildConfiguration section */
		89B6C21F2D928C6200D3A20E /* Debug */ = {
			isa = XCBuildConfiguration;
			buildSettings = {
				ALWAYS_SEARCH_USER_PATHS = NO;
				ASSETCATALOG_COMPILER_GENERATE_SWIFT_ASSET_SYMBOL_EXTENSIONS = YES;
				CLANG_ANALYZER_NONNULL = YES;
				CLANG_ANALYZER_NUMBER_OBJECT_CONVERSION = YES_AGGRESSIVE;
				CLANG_CXX_LANGUAGE_STANDARD = "gnu++20";
				CLANG_ENABLE_MODULES = YES;
				CLANG_ENABLE_OBJC_ARC = YES;
				CLANG_ENABLE_OBJC_WEAK = YES;
				CLANG_WARN_BLOCK_CAPTURE_AUTORELEASING = YES;
				CLANG_WARN_BOOL_CONVERSION = YES;
				CLANG_WARN_COMMA = YES;
				CLANG_WARN_CONSTANT_CONVERSION = YES;
				CLANG_WARN_DEPRECATED_OBJC_IMPLEMENTATIONS = YES;
				CLANG_WARN_DIRECT_OBJC_ISA_USAGE = YES_ERROR;
				CLANG_WARN_DOCUMENTATION_COMMENTS = YES;
				CLANG_WARN_EMPTY_BODY = YES;
				CLANG_WARN_ENUM_CONVERSION = YES;
				CLANG_WARN_INFINITE_RECURSION = YES;
				CLANG_WARN_INT_CONVERSION = YES;
				CLANG_WARN_NON_LITERAL_NULL_CONVERSION = YES;
				CLANG_WARN_OBJC_IMPLICIT_RETAIN_SELF = YES;
				CLANG_WARN_OBJC_LITERAL_CONVERSION = YES;
				CLANG_WARN_OBJC_ROOT_CLASS = YES_ERROR;
				CLANG_WARN_QUOTED_INCLUDE_IN_FRAMEWORK_HEADER = YES;
				CLANG_WARN_RANGE_LOOP_ANALYSIS = YES;
				CLANG_WARN_STRICT_PROTOTYPES = YES;
				CLANG_WARN_SUSPICIOUS_MOVE = YES;
				CLANG_WARN_UNGUARDED_AVAILABILITY = YES_AGGRESSIVE;
				CLANG_WARN_UNREACHABLE_CODE = YES;
				CLANG_WARN__DUPLICATE_METHOD_MATCH = YES;
				COPY_PHASE_STRIP = NO;
				DEBUG_INFORMATION_FORMAT = dwarf;
				ENABLE_STRICT_OBJC_MSGSEND = YES;
				ENABLE_TESTABILITY = YES;
				ENABLE_USER_SCRIPT_SANDBOXING = YES;
				GCC_C_LANGUAGE_STANDARD = gnu17;
				GCC_DYNAMIC_NO_PIC = NO;
				GCC_NO_COMMON_BLOCKS = YES;
				GCC_OPTIMIZATION_LEVEL = 0;
				GCC_PREPROCESSOR_DEFINITIONS = (
					"DEBUG=1",
					"$(inherited)",
				);
				GCC_WARN_64_TO_32_BIT_CONVERSION = YES;
				GCC_WARN_ABOUT_RETURN_TYPE = YES_ERROR;
				GCC_WARN_UNDECLARED_SELECTOR = YES;
				GCC_WARN_UNINITIALIZED_AUTOS = YES_AGGRESSIVE;
				GCC_WARN_UNUSED_FUNCTION = YES;
				GCC_WARN_UNUSED_VARIABLE = YES;
				IPHONEOS_DEPLOYMENT_TARGET = 18.2;
				LOCALIZATION_PREFERS_STRING_CATALOGS = YES;
				MTL_ENABLE_DEBUG_INFO = INCLUDE_SOURCE;
				MTL_FAST_MATH = YES;
				ONLY_ACTIVE_ARCH = YES;
				SDKROOT = iphoneos;
				SWIFT_ACTIVE_COMPILATION_CONDITIONS = "DEBUG $(inherited)";
				SWIFT_OPTIMIZATION_LEVEL = "-Onone";
			};
			name = Debug;
		};
		89B6C2202D928C6200D3A20E /* Release */ = {
			isa = XCBuildConfiguration;
			buildSettings = {
				ALWAYS_SEARCH_USER_PATHS = NO;
				ASSETCATALOG_COMPILER_GENERATE_SWIFT_ASSET_SYMBOL_EXTENSIONS = YES;
				CLANG_ANALYZER_NONNULL = YES;
				CLANG_ANALYZER_NUMBER_OBJECT_CONVERSION = YES_AGGRESSIVE;
				CLANG_CXX_LANGUAGE_STANDARD = "gnu++20";
				CLANG_ENABLE_MODULES = YES;
				CLANG_ENABLE_OBJC_ARC = YES;
				CLANG_ENABLE_OBJC_WEAK = YES;
				CLANG_WARN_BLOCK_CAPTURE_AUTORELEASING = YES;
				CLANG_WARN_BOOL_CONVERSION = YES;
				CLANG_WARN_COMMA = YES;
				CLANG_WARN_CONSTANT_CONVERSION = YES;
				CLANG_WARN_DEPRECATED_OBJC_IMPLEMENTATIONS = YES;
				CLANG_WARN_DIRECT_OBJC_ISA_USAGE = YES_ERROR;
				CLANG_WARN_DOCUMENTATION_COMMENTS = YES;
				CLANG_WARN_EMPTY_BODY = YES;
				CLANG_WARN_ENUM_CONVERSION = YES;
				CLANG_WARN_INFINITE_RECURSION = YES;
				CLANG_WARN_INT_CONVERSION = YES;
				CLANG_WARN_NON_LITERAL_NULL_CONVERSION = YES;
				CLANG_WARN_OBJC_IMPLICIT_RETAIN_SELF = YES;
				CLANG_WARN_OBJC_LITERAL_CONVERSION = YES;
				CLANG_WARN_OBJC_ROOT_CLASS = YES_ERROR;
				CLANG_WARN_QUOTED_INCLUDE_IN_FRAMEWORK_HEADER = YES;
				CLANG_WARN_RANGE_LOOP_ANALYSIS = YES;
				CLANG_WARN_STRICT_PROTOTYPES = YES;
				CLANG_WARN_SUSPICIOUS_MOVE = YES;
				CLANG_WARN_UNGUARDED_AVAILABILITY = YES_AGGRESSIVE;
				CLANG_WARN_UNREACHABLE_CODE = YES;
				CLANG_WARN__DUPLICATE_METHOD_MATCH = YES;
				COPY_PHASE_STRIP = NO;
				DEBUG_INFORMATION_FORMAT = "dwarf-with-dsym";
				ENABLE_NS_ASSERTIONS = NO;
				ENABLE_STRICT_OBJC_MSGSEND = YES;
				ENABLE_USER_SCRIPT_SANDBOXING = YES;
				GCC_C_LANGUAGE_STANDARD = gnu17;
				GCC_NO_COMMON_BLOCKS = YES;
				GCC_WARN_64_TO_32_BIT_CONVERSION = YES;
				GCC_WARN_ABOUT_RETURN_TYPE = YES_ERROR;
				GCC_WARN_UNDECLARED_SELECTOR = YES;
				GCC_WARN_UNINITIALIZED_AUTOS = YES_AGGRESSIVE;
				GCC_WARN_UNUSED_FUNCTION = YES;
				GCC_WARN_UNUSED_VARIABLE = YES;
				IPHONEOS_DEPLOYMENT_TARGET = 18.2;
				LOCALIZATION_PREFERS_STRING_CATALOGS = YES;
				MTL_ENABLE_DEBUG_INFO = NO;
				MTL_FAST_MATH = YES;
				SDKROOT = iphoneos;
				SWIFT_COMPILATION_MODE = wholemodule;
				VALIDATE_PRODUCT = YES;
			};
			name = Release;
		};
		89B6C2222D928C6200D3A20E /* Debug */ = {
			isa = XCBuildConfiguration;
			buildSettings = {
				ASSETCATALOG_COMPILER_APPICON_NAME = AppIcon;
				ASSETCATALOG_COMPILER_GLOBAL_ACCENT_COLOR_NAME = AccentColor;
				CODE_SIGN_ENTITLEMENTS = "$(Focaii)/Focaii.entitlements";
				CODE_SIGN_STYLE = Automatic;
				CURRENT_PROJECT_VERSION = 1;
				DEVELOPMENT_ASSET_PATHS = "\"Focaii/Preview Content\"";
				DEVELOPMENT_TEAM = 8A36CARXB6;
				ENABLE_PREVIEWS = YES;
				GENERATE_INFOPLIST_FILE = YES;
				INFOPLIST_FILE = Focaii/Info.plist;
				INFOPLIST_KEY_UIApplicationSceneManifest_Generation = YES;
				INFOPLIST_KEY_UIApplicationSupportsIndirectInputEvents = YES;
				INFOPLIST_KEY_UILaunchScreen_Generation = YES;
				INFOPLIST_KEY_UISupportedInterfaceOrientations_iPad = "UIInterfaceOrientationPortrait UIInterfaceOrientationPortraitUpsideDown UIInterfaceOrientationLandscapeLeft UIInterfaceOrientationLandscapeRight";
				INFOPLIST_KEY_UISupportedInterfaceOrientations_iPhone = "UIInterfaceOrientationPortrait UIInterfaceOrientationLandscapeLeft UIInterfaceOrientationLandscapeRight";
				LD_RUNPATH_SEARCH_PATHS = (
					"$(inherited)",
					"@executable_path/Frameworks",
				);
				MARKETING_VERSION = 1.0;
				PRODUCT_BUNDLE_IDENTIFIER = Siluni.Focaii;
				PRODUCT_NAME = "$(TARGET_NAME)";
				SWIFT_EMIT_LOC_STRINGS = YES;
				SWIFT_VERSION = 5.0;
				TARGETED_DEVICE_FAMILY = "1,2";
			};
			name = Debug;
		};
		89B6C2232D928C6200D3A20E /* Release */ = {
			isa = XCBuildConfiguration;
			buildSettings = {
				ASSETCATALOG_COMPILER_APPICON_NAME = AppIcon;
				ASSETCATALOG_COMPILER_GLOBAL_ACCENT_COLOR_NAME = AccentColor;
				CODE_SIGN_ENTITLEMENTS = "$(Focaii)/Focaii.entitlements";
				CODE_SIGN_STYLE = Automatic;
				CURRENT_PROJECT_VERSION = 1;
				DEVELOPMENT_ASSET_PATHS = "\"Focaii/Preview Content\"";
				DEVELOPMENT_TEAM = 8A36CARXB6;
				ENABLE_PREVIEWS = YES;
				GENERATE_INFOPLIST_FILE = YES;
				INFOPLIST_FILE = Focaii/Info.plist;
				INFOPLIST_KEY_UIApplicationSceneManifest_Generation = YES;
				INFOPLIST_KEY_UIApplicationSupportsIndirectInputEvents = YES;
				INFOPLIST_KEY_UILaunchScreen_Generation = YES;
				INFOPLIST_KEY_UISupportedInterfaceOrientations_iPad = "UIInterfaceOrientationPortrait UIInterfaceOrientationPortraitUpsideDown UIInterfaceOrientationLandscapeLeft UIInterfaceOrientationLandscapeRight";
				INFOPLIST_KEY_UISupportedInterfaceOrientations_iPhone = "UIInterfaceOrientationPortrait UIInterfaceOrientationLandscapeLeft UIInterfaceOrientationLandscapeRight";
				LD_RUNPATH_SEARCH_PATHS = (
					"$(inherited)",
					"@executable_path/Frameworks",
				);
				MARKETING_VERSION = 1.0;
				PRODUCT_BUNDLE_IDENTIFIER = Siluni.Focaii;
				PRODUCT_NAME = "$(TARGET_NAME)";
				SWIFT_EMIT_LOC_STRINGS = YES;
				SWIFT_VERSION = 5.0;
				TARGETED_DEVICE_FAMILY = "1,2";
			};
			name = Release;
		};
		89B6C2252D928C6200D3A20E /* Debug */ = {
			isa = XCBuildConfiguration;
			buildSettings = {
				BUNDLE_LOADER = "$(TEST_HOST)";
				CODE_SIGN_STYLE = Automatic;
				CURRENT_PROJECT_VERSION = 1;
				GENERATE_INFOPLIST_FILE = YES;
				IPHONEOS_DEPLOYMENT_TARGET = 18.2;
				MARKETING_VERSION = 1.0;
				PRODUCT_BUNDLE_IDENTIFIER = Siluni.FocaiiTests;
				PRODUCT_NAME = "$(TARGET_NAME)";
				SWIFT_EMIT_LOC_STRINGS = NO;
				SWIFT_VERSION = 5.0;
				TARGETED_DEVICE_FAMILY = "1,2";
				TEST_HOST = "$(BUILT_PRODUCTS_DIR)/Focaii.app/$(BUNDLE_EXECUTABLE_FOLDER_PATH)/Focaii";
			};
			name = Debug;
		};
		89B6C2262D928C6200D3A20E /* Release */ = {
			isa = XCBuildConfiguration;
			buildSettings = {
				BUNDLE_LOADER = "$(TEST_HOST)";
				CODE_SIGN_STYLE = Automatic;
				CURRENT_PROJECT_VERSION = 1;
				GENERATE_INFOPLIST_FILE = YES;
				IPHONEOS_DEPLOYMENT_TARGET = 18.2;
				MARKETING_VERSION = 1.0;
				PRODUCT_BUNDLE_IDENTIFIER = Siluni.FocaiiTests;
				PRODUCT_NAME = "$(TARGET_NAME)";
				SWIFT_EMIT_LOC_STRINGS = NO;
				SWIFT_VERSION = 5.0;
				TARGETED_DEVICE_FAMILY = "1,2";
				TEST_HOST = "$(BUILT_PRODUCTS_DIR)/Focaii.app/$(BUNDLE_EXECUTABLE_FOLDER_PATH)/Focaii";
			};
			name = Release;
		};
		89B6C2282D928C6200D3A20E /* Debug */ = {
			isa = XCBuildConfiguration;
			buildSettings = {
				CODE_SIGN_STYLE = Automatic;
				CURRENT_PROJECT_VERSION = 1;
				GENERATE_INFOPLIST_FILE = YES;
				MARKETING_VERSION = 1.0;
				PRODUCT_BUNDLE_IDENTIFIER = Siluni.FocaiiUITests;
				PRODUCT_NAME = "$(TARGET_NAME)";
				SWIFT_EMIT_LOC_STRINGS = NO;
				SWIFT_VERSION = 5.0;
				TARGETED_DEVICE_FAMILY = "1,2";
				TEST_TARGET_NAME = Focaii;
			};
			name = Debug;
		};
		89B6C2292D928C6200D3A20E /* Release */ = {
			isa = XCBuildConfiguration;
			buildSettings = {
				CODE_SIGN_STYLE = Automatic;
				CURRENT_PROJECT_VERSION = 1;
				GENERATE_INFOPLIST_FILE = YES;
				MARKETING_VERSION = 1.0;
				PRODUCT_BUNDLE_IDENTIFIER = Siluni.FocaiiUITests;
				PRODUCT_NAME = "$(TARGET_NAME)";
				SWIFT_EMIT_LOC_STRINGS = NO;
				SWIFT_VERSION = 5.0;
				TARGETED_DEVICE_FAMILY = "1,2";
				TEST_TARGET_NAME = Focaii;
			};
			name = Release;
		};
		F59873852DB8BA4D00B1BEEE /* Debug */ = {
			isa = XCBuildConfiguration;
			buildSettings = {
				ASSETCATALOG_COMPILER_GLOBAL_ACCENT_COLOR_NAME = AccentColor;
				ASSETCATALOG_COMPILER_WIDGET_BACKGROUND_COLOR_NAME = WidgetBackground;
				CODE_SIGN_STYLE = Automatic;
				CURRENT_PROJECT_VERSION = 1;
				DEVELOPMENT_TEAM = 8A36CARXB6;
				GENERATE_INFOPLIST_FILE = YES;
				INFOPLIST_FILE = FocusTimer/Info.plist;
				INFOPLIST_KEY_CFBundleDisplayName = FocusTimer;
				INFOPLIST_KEY_NSHumanReadableCopyright = "";
				LD_RUNPATH_SEARCH_PATHS = (
					"$(inherited)",
					"@executable_path/Frameworks",
					"@executable_path/../../Frameworks",
				);
				MARKETING_VERSION = 1.0;
				PRODUCT_BUNDLE_IDENTIFIER = Siluni.Focaii.FocusTimer;
				PRODUCT_NAME = "$(TARGET_NAME)";
				SKIP_INSTALL = YES;
				SWIFT_EMIT_LOC_STRINGS = YES;
				SWIFT_VERSION = 5.0;
				TARGETED_DEVICE_FAMILY = "1,2";
			};
			name = Debug;
		};
		F59873862DB8BA4D00B1BEEE /* Release */ = {
			isa = XCBuildConfiguration;
			buildSettings = {
				ASSETCATALOG_COMPILER_GLOBAL_ACCENT_COLOR_NAME = AccentColor;
				ASSETCATALOG_COMPILER_WIDGET_BACKGROUND_COLOR_NAME = WidgetBackground;
				CODE_SIGN_STYLE = Automatic;
				CURRENT_PROJECT_VERSION = 1;
				DEVELOPMENT_TEAM = 8A36CARXB6;
				GENERATE_INFOPLIST_FILE = YES;
				INFOPLIST_FILE = FocusTimer/Info.plist;
				INFOPLIST_KEY_CFBundleDisplayName = FocusTimer;
				INFOPLIST_KEY_NSHumanReadableCopyright = "";
				LD_RUNPATH_SEARCH_PATHS = (
					"$(inherited)",
					"@executable_path/Frameworks",
					"@executable_path/../../Frameworks",
				);
				MARKETING_VERSION = 1.0;
				PRODUCT_BUNDLE_IDENTIFIER = Siluni.Focaii.FocusTimer;
				PRODUCT_NAME = "$(TARGET_NAME)";
				SKIP_INSTALL = YES;
				SWIFT_EMIT_LOC_STRINGS = YES;
				SWIFT_VERSION = 5.0;
				TARGETED_DEVICE_FAMILY = "1,2";
			};
			name = Release;
		};
/* End XCBuildConfiguration section */

/* Begin XCConfigurationList section */
		89B6C1F82D928C6200D3A20E /* Build configuration list for PBXProject "Focaii" */ = {
			isa = XCConfigurationList;
			buildConfigurations = (
				89B6C21F2D928C6200D3A20E /* Debug */,
				89B6C2202D928C6200D3A20E /* Release */,
			);
			defaultConfigurationIsVisible = 0;
			defaultConfigurationName = Release;
		};
		89B6C2212D928C6200D3A20E /* Build configuration list for PBXNativeTarget "Focaii" */ = {
			isa = XCConfigurationList;
			buildConfigurations = (
				89B6C2222D928C6200D3A20E /* Debug */,
				89B6C2232D928C6200D3A20E /* Release */,
			);
			defaultConfigurationIsVisible = 0;
			defaultConfigurationName = Release;
		};
		89B6C2242D928C6200D3A20E /* Build configuration list for PBXNativeTarget "FocaiiTests" */ = {
			isa = XCConfigurationList;
			buildConfigurations = (
				89B6C2252D928C6200D3A20E /* Debug */,
				89B6C2262D928C6200D3A20E /* Release */,
			);
			defaultConfigurationIsVisible = 0;
			defaultConfigurationName = Release;
		};
		89B6C2272D928C6200D3A20E /* Build configuration list for PBXNativeTarget "FocaiiUITests" */ = {
			isa = XCConfigurationList;
			buildConfigurations = (
				89B6C2282D928C6200D3A20E /* Debug */,
				89B6C2292D928C6200D3A20E /* Release */,
			);
			defaultConfigurationIsVisible = 0;
			defaultConfigurationName = Release;
		};
		F59873842DB8BA4D00B1BEEE /* Build configuration list for PBXNativeTarget "FocusTimerExtension" */ = {
			isa = XCConfigurationList;
			buildConfigurations = (
				F59873852DB8BA4D00B1BEEE /* Debug */,
				F59873862DB8BA4D00B1BEEE /* Release */,
			);
			defaultConfigurationIsVisible = 0;
			defaultConfigurationName = Release;
		};
/* End XCConfigurationList section */

/* Begin XCRemoteSwiftPackageReference section */
		F595075F2DA7C7B3001A5CB1 /* XCRemoteSwiftPackageReference "firebase-ios-sdk" */ = {
			isa = XCRemoteSwiftPackageReference;
			repositoryURL = "https://github.com/firebase/firebase-ios-sdk";
			requirement = {
				kind = upToNextMajorVersion;
				minimumVersion = 11.11.0;
			};
		};
/* End XCRemoteSwiftPackageReference section */

/* Begin XCSwiftPackageProductDependency section */
		F52A577D2DA8F29B00D7C691 /* FirebaseFirestore */ = {
			isa = XCSwiftPackageProductDependency;
			package = F595075F2DA7C7B3001A5CB1 /* XCRemoteSwiftPackageReference "firebase-ios-sdk" */;
			productName = FirebaseFirestore;
		};
		F59507602DA7C7B3001A5CB1 /* FirebaseAnalytics */ = {
			isa = XCSwiftPackageProductDependency;
			package = F595075F2DA7C7B3001A5CB1 /* XCRemoteSwiftPackageReference "firebase-ios-sdk" */;
			productName = FirebaseAnalytics;
		};
		F59507622DA7C7B3001A5CB1 /* FirebaseAuth */ = {
			isa = XCSwiftPackageProductDependency;
			package = F595075F2DA7C7B3001A5CB1 /* XCRemoteSwiftPackageReference "firebase-ios-sdk" */;
			productName = FirebaseAuth;
		};
/* End XCSwiftPackageProductDependency section */

/* Begin XCVersionGroup section */
		F52A57C72DB0ED4D00D7C691 /* Data.xcdatamodeld */ = {
			isa = XCVersionGroup;
			children = (
				F52A57C82DB0ED4D00D7C691 /* Data.xcdatamodel */,
			);
			currentVersion = F52A57C82DB0ED4D00D7C691 /* Data.xcdatamodel */;
			path = Data.xcdatamodeld;
			sourceTree = "<group>";
			versionGroupType = wrapper.xcdatamodel;
		};
/* End XCVersionGroup section */
	};
	rootObject = 89B6C1F52D928C6200D3A20E /* Project object */;
}
